
Microsoft Visual Studio Solution File, Format Version 12.00
# Visual Studio Version 17
VisualStudioVersion = 17.5.33627.172
MinimumVisualStudioVersion = 10.0.40219.1
Project("{FAE04EC0-301F-11D3-BF4B-00C04F79EFBC}") = "ECommerce.Api", "ECommerce.Api\ECommerce.Api.csproj", "{02D335C5-F055-4DE9-8268-8D1526BF59C4}"
EndProject
Project("{FAE04EC0-301F-11D3-BF4B-00C04F79EFBC}") = "ECommerce.DAL", "ECommerce.DAL\ECommerce.DAL.csproj", "{F24EAE0B-5819-40EA-B3D0-933A2586EA9F}"
EndProject
Global
	GlobalSection(SolutionConfigurationPlatforms) = preSolution
		Debug|Any CPU = Debug|Any CPU
		Release|Any CPU = Release|Any CPU
	EndGlobalSection
	GlobalSection(ProjectConfigurationPlatforms) = postSolution
		{02D335C5-F055-4DE9-8268-8D1526BF59C4}.Debug|Any CPU.ActiveCfg = Debug|Any CPU
		{02D335C5-F055-4DE9-8268-8D1526BF59C4}.Debug|Any CPU.Build.0 = Debug|Any CPU
		{02D335C5-F055-4DE9-8268-8D1526BF59C4}.Release|Any CPU.ActiveCfg = Release|Any CPU
		{02D335C5-F055-4DE9-8268-8D1526BF59C4}.Release|Any CPU.Build.0 = Release|Any CPU
		{F24EAE0B-5819-40EA-B3D0-933A2586EA9F}.Debug|Any CPU.ActiveCfg = Debug|Any CPU
		{F24EAE0B-5819-40EA-B3D0-933A2586EA9F}.Debug|Any CPU.Build.0 = Debug|Any CPU
		{F24EAE0B-5819-40EA-B3D0-933A2586EA9F}.Release|Any CPU.ActiveCfg = Release|Any CPU
		{F24EAE0B-5819-40EA-B3D0-933A2586EA9F}.Release|Any CPU.Build.0 = Release|Any CPU
	EndGlobalSection
	GlobalSection(SolutionProperties) = preSolution
		HideSolutionNode = FALSE
	EndGlobalSection
	GlobalSection(ExtensibilityGlobals) = postSolution
		SolutionGuid = {07928BA1-6AD4-4A3C-9092-4F70A5C580F6}
	EndGlobalSection
EndGlobal
