
Microsoft Visual Studio Solution File, Format Version 12.00
# Visual Studio Version 17
VisualStudioVersion = 17.5.33627.172
MinimumVisualStudioVersion = 10.0.40219.1
Project("{9A19103F-16F7-4668-BE54-9A1E7A4F7556}") = "ECommerce.Api", "ECommerce.Api\ECommerce.Api.csproj", "{02D335C5-F055-4DE9-8268-8D1526BF59C4}"
EndProject
Project("{9A19103F-16F7-4668-BE54-9A1E7A4F7556}") = "ECommerce.DAL", "ECommerce.DAL\ECommerce.DAL.csproj", "{F24EAE0B-5819-40EA-B3D0-933A2586EA9F}"
EndProject
Project("{9A19103F-16F7-4668-BE54-9A1E7A4F7556}") = "ECommerce.BAL", "ECommerce.BAL\ECommerce.BAL.csproj", "{CE6897D6-E293-44D8-883A-692AF6DFEAFA}"
EndProject
Project("{FAE04EC0-301F-11D3-BF4B-00C04F79EFBC}") = "ECommerce.Common", "ECommerce.Common\ECommerce.Common.csproj", "{62227DE0-3817-453C-BB7B-FF0BCF8CF27D}"
EndProject
Global
	GlobalSection(SolutionConfigurationPlatforms) = preSolution
		Debug|Any CPU = Debug|Any CPU
		Release|Any CPU = Release|Any CPU
	EndGlobalSection
	GlobalSection(ProjectConfigurationPlatforms) = postSolution
		{02D335C5-F055-4DE9-8268-8D1526BF59C4}.Debug|Any CPU.ActiveCfg = Debug|Any CPU
		{02D335C5-F055-4DE9-8268-8D1526BF59C4}.Debug|Any CPU.Build.0 = Debug|Any CPU
		{02D335C5-F055-4DE9-8268-8D1526BF59C4}.Release|Any CPU.ActiveCfg = Release|Any CPU
		{02D335C5-F055-4DE9-8268-8D1526BF59C4}.Release|Any CPU.Build.0 = Release|Any CPU
		{F24EAE0B-5819-40EA-B3D0-933A2586EA9F}.Debug|Any CPU.ActiveCfg = Debug|Any CPU
		{F24EAE0B-5819-40EA-B3D0-933A2586EA9F}.Debug|Any CPU.Build.0 = Debug|Any CPU
		{F24EAE0B-5819-40EA-B3D0-933A2586EA9F}.Release|Any CPU.ActiveCfg = Release|Any CPU
		{F24EAE0B-5819-40EA-B3D0-933A2586EA9F}.Release|Any CPU.Build.0 = Release|Any CPU
		{CE6897D6-E293-44D8-883A-692AF6DFEAFA}.Debug|Any CPU.ActiveCfg = Debug|Any CPU
		{CE6897D6-E293-44D8-883A-692AF6DFEAFA}.Debug|Any CPU.Build.0 = Debug|Any CPU
		{CE6897D6-E293-44D8-883A-692AF6DFEAFA}.Release|Any CPU.ActiveCfg = Release|Any CPU
		{CE6897D6-E293-44D8-883A-692AF6DFEAFA}.Release|Any CPU.Build.0 = Release|Any CPU
		{62227DE0-3817-453C-BB7B-FF0BCF8CF27D}.Debug|Any CPU.ActiveCfg = Debug|Any CPU
		{62227DE0-3817-453C-BB7B-FF0BCF8CF27D}.Debug|Any CPU.Build.0 = Debug|Any CPU
		{62227DE0-3817-453C-BB7B-FF0BCF8CF27D}.Release|Any CPU.ActiveCfg = Release|Any CPU
		{62227DE0-3817-453C-BB7B-FF0BCF8CF27D}.Release|Any CPU.Build.0 = Release|Any CPU
	EndGlobalSection
	GlobalSection(SolutionProperties) = preSolution
		HideSolutionNode = FALSE
	EndGlobalSection
	GlobalSection(ExtensibilityGlobals) = postSolution
		SolutionGuid = {07928BA1-6AD4-4A3C-9092-4F70A5C580F6}
	EndGlobalSection
EndGlobal
